Microsoft Visual Studio Solution File, Format Version 12.00
# Visual Studio Version 17
VisualStudioVersion = 17.14.36414.22
MinimumVisualStudioVersion = 10.0.40219.1
Project("{FAE04EC0-301F-11D3-BF4B-00C04F79EFBC}") = "NetworkMonitoring.Service", "NetworkMonitoring.Service\NetworkMonitoring.Service.csproj", "{8B5CBFA9-D390-15C6-50DE-0E9A2062F45E}"
EndProject
Project("{FAE04EC0-301F-11D3-BF4B-00C04F79EFBC}") = "NetworkMonitoring.Web", "NetworkMonitoring.Web\NetworkMonitoring.Web.csproj", "{5AD810CB-30F9-996E-5C12-C2E9DBA4FB2A}"
EndProject
Project("{FAE04EC0-301F-11D3-BF4B-00C04F79EFBC}") = "NetworkMonitoring.Shared", "NetworkMonitoring.Shared\NetworkMonitoring.Shared.csproj", "{D7176ACE-FB3D-41D0-2B78-443179E6D269}"
EndProject
Project("{FAE04EC0-301F-11D3-BF4B-00C04F79EFBC}") = "NetworkMonitoring.Maui", "NetworkMonitoring.Maui\NetworkMonitoring.Maui.csproj", "{C53C4300-783D-3A4B-12B1-6BFF798F80E0}"
EndProject
Project("{FAE04EC0-301F-11D3-BF4B-00C04F79EFBC}") = "NetworkMonitoring.Data", "NetworkMonitoring.Data\NetworkMonitoring.Data.csproj", "{1D76DD78-450D-23CA-7FF7-D23C37ED780B}"
EndProject
Global
	GlobalSection(SolutionConfigurationPlatforms) = preSolution
		Debug|Any CPU = Debug|Any CPU
		Release|Any CPU = Release|Any CPU
	EndGlobalSection
	GlobalSection(ProjectConfigurationPlatforms) = postSolution
		{8B5CBFA9-D390-15C6-50DE-0E9A2062F45E}.Debug|Any CPU.ActiveCfg = Debug|Any CPU
		{8B5CBFA9-D390-15C6-50DE-0E9A2062F45E}.Debug|Any CPU.Build.0 = Debug|Any CPU
		{8B5CBFA9-D390-15C6-50DE-0E9A2062F45E}.Release|Any CPU.ActiveCfg = Release|Any CPU
		{8B5CBFA9-D390-15C6-50DE-0E9A2062F45E}.Release|Any CPU.Build.0 = Release|Any CPU
		{5AD810CB-30F9-996E-5C12-C2E9DBA4FB2A}.Debug|Any CPU.ActiveCfg = Debug|Any CPU
		{5AD810CB-30F9-996E-5C12-C2E9DBA4FB2A}.Debug|Any CPU.Build.0 = Debug|Any CPU
		{5AD810CB-30F9-996E-5C12-C2E9DBA4FB2A}.Release|Any CPU.ActiveCfg = Release|Any CPU
		{5AD810CB-30F9-996E-5C12-C2E9DBA4FB2A}.Release|Any CPU.Build.0 = Release|Any CPU
		{D7176ACE-FB3D-41D0-2B78-443179E6D269}.Debug|Any CPU.ActiveCfg = Debug|Any CPU
		{D7176ACE-FB3D-41D0-2B78-443179E6D269}.Debug|Any CPU.Build.0 = Debug|Any CPU
		{D7176ACE-FB3D-41D0-2B78-443179E6D269}.Release|Any CPU.ActiveCfg = Release|Any CPU
		{D7176ACE-FB3D-41D0-2B78-443179E6D269}.Release|Any CPU.Build.0 = Release|Any CPU
		{C53C4300-783D-3A4B-12B1-6BFF798F80E0}.Debug|Any CPU.ActiveCfg = Debug|Any CPU
		{C53C4300-783D-3A4B-12B1-6BFF798F80E0}.Debug|Any CPU.Build.0 = Debug|Any CPU
		{C53C4300-783D-3A4B-12B1-6BFF798F80E0}.Release|Any CPU.ActiveCfg = Release|Any CPU
		{C53C4300-783D-3A4B-12B1-6BFF798F80E0}.Release|Any CPU.Build.0 = Release|Any CPU
		{1D76DD78-450D-23CA-7FF7-D23C37ED780B}.Debug|Any CPU.ActiveCfg = Debug|Any CPU
		{1D76DD78-450D-23CA-7FF7-D23C37ED780B}.Debug|Any CPU.Build.0 = Debug|Any CPU
		{1D76DD78-450D-23CA-7FF7-D23C37ED780B}.Release|Any CPU.ActiveCfg = Release|Any CPU
		{1D76DD78-450D-23CA-7FF7-D23C37ED780B}.Release|Any CPU.Build.0 = Release|Any CPU
	EndGlobalSection
	GlobalSection(SolutionProperties) = preSolution
		HideSolutionNode = FALSE
	EndGlobalSection
EndGlobal
